
Microsoft Visual Studio Solution File, Format Version 12.00
# Visual Studio Version 16
VisualStudioVersion = 16.0.30717.126
MinimumVisualStudioVersion = 10.0.40219.1
Project("{FAE04EC0-301F-11D3-BF4B-00C04F79EFBC}") = "WebApi", "WebApi\WebApi.csproj", "{A608BCA4-C467-4852-B420-E3FDE575CD0C}"
EndProject
Global
	GlobalSection(SolutionConfigurationPlatforms) = preSolution
		Debug|Any CPU = Debug|Any CPU
		Release|Any CPU = Release|Any CPU
	EndGlobalSection
	GlobalSection(ProjectConfigurationPlatforms) = postSolution
		{A608BCA4-C467-4852-B420-E3FDE575CD0C}.Debug|Any CPU.ActiveCfg = Debug|Any CPU
		{A608BCA4-C467-4852-B420-E3FDE575CD0C}.Debug|Any CPU.Build.0 = Debug|Any CPU
		{A608BCA4-C467-4852-B420-E3FDE575CD0C}.Release|Any CPU.ActiveCfg = Release|Any CPU
		{A608BCA4-C467-4852-B420-E3FDE575CD0C}.Release|Any CPU.Build.0 = Release|Any CPU
	EndGlobalSection
	GlobalSection(SolutionProperties) = preSolution
		HideSolutionNode = FALSE
	EndGlobalSection
	GlobalSection(ExtensibilityGlobals) = postSolution
		SolutionGuid = {2F928636-23DA-4D5B-A9BC-054A9FE8A1C6}
	EndGlobalSection
EndGlobal
